{
  "nodes": {
    "darknet": {
      "inputs": {
        "nixpkgs": "nixpkgs"
      },
      "locked": {
        "lastModified": 1653323916,
        "narHash": "sha256-1+U2zGfTbjzdttzWIibhx8qwtm2mkWk+EHHMvDYhtHc=",
        "owner": "leonardp",
        "repo": "darknet-flake",
        "rev": "e80d3e602487fcd4d2b13703a2d1d2c06a2ca385",
        "type": "github"
      },
      "original": {
        "owner": "leonardp",
        "ref": "main",
        "repo": "darknet-flake",
        "type": "github"
      }
    },
    "nixpkgs": {
      "locked": {
        "lastModified": 1653117584,
        "narHash": "sha256-5uUrHeHBIaySBTrRExcCoW8fBBYVSDjDYDU5A6iOl+k=",
        "owner": "NixOS",
        "repo": "nixpkgs",
        "rev": "f4dfed73ee886b115a99e5b85fdfbeb683290d83",
        "type": "github"
      },
      "original": {
        "id": "nixpkgs",
        "type": "indirect"
      }
    },
    "nixpkgs_2": {
      "locked": {
        "lastModified": 1653738054,
        "narHash": "sha256-IaR8iLN4Ms3f5EjU1CJkXSc49ZzyS5qv03DtVAti6/s=",
        "owner": "NixOS",
        "repo": "nixpkgs",
        "rev": "17b62c338f2a0862a58bb6951556beecd98ccda9",
        "type": "github"
      },
      "original": {
        "id": "nixpkgs",
        "type": "indirect"
      }
    },
    "root": {
      "inputs": {
        "darknet": "darknet",
        "nixpkgs": "nixpkgs_2"
      }
    }
  },
  "root": "root",
  "version": 7
}
